{
  "name": "MilitaryGeo",
  "lockfileVersion": 3,
  "requires": true,
  "packages": {
    "": {
      "dependencies": {
        "leaflet": "^1.9.4",
        "react-leaflet": "^5.0.0"
      }
    },
    "node_modules/@react-leaflet/core": {
      "version": "3.0.0",
      "resolved": "https://registry.npmjs.org/@react-leaflet/core/-/core-3.0.0.tgz",
      "integrity": "sha512-3EWmekh4Nz+pGcr+xjf0KNyYfC3U2JjnkWsh0zcqaexYqmmB5ZhH37kz41JXGmKzpaMZCnPofBBm64i+YrEvGQ==",
      "license": "Hippocratic-2.1",
      "peerDependencies": {
        "leaflet": "^1.9.0",
        "react": "^19.0.0",
        "react-dom": "^19.0.0"
      }
    },
    "node_modules/leaflet": {
      "version": "1.9.4",
      "resolved": "https://registry.npmjs.org/leaflet/-/leaflet-1.9.4.tgz",
      "integrity": "sha512-nxS1ynzJOmOlHp+iL3FyWqK89GtNL8U8rvlMOsQdTTssxZwCXh8N2NB3GDQOL+YR3XnWyZAxwQixURb+FA74PA==",
      "license": "BSD-2-Clause",
      "peer": true
    },
    "node_modules/react": {
      "version": "19.2.3",
      "resolved": "https://registry.npmjs.org/react/-/react-19.2.3.tgz",
      "integrity": "sha512-Ku/hhYbVjOQnXDZFv2+RibmLFGwFdeeKHFcOTlrt7xplBnya5OGn/hIRDsqDiSUcfORsDC7MPxwork8jBwsIWA==",
      "license": "MIT",
      "peer": true,
      "engines": {
        "node": ">=0.10.0"
      }
    },
    "node_modules/react-dom": {
      "version": "19.2.3",
      "resolved": "https://registry.npmjs.org/react-dom/-/react-dom-19.2.3.tgz",
      "integrity": "sha512-yELu4WmLPw5Mr/lmeEpox5rw3RETacE++JgHqQzd2dg+YbJuat3jH4ingc+WPZhxaoFzdv9y33G+F7Nl5O0GBg==",
      "license": "MIT",
      "peer": true,
      "dependencies": {
        "scheduler": "^0.27.0"
      },
      "peerDependencies": {
        "react": "^19.2.3"
      }
    },
    "node_modules/react-leaflet": {
      "version": "5.0.0",
      "resolved": "https://registry.npmjs.org/react-leaflet/-/react-leaflet-5.0.0.tgz",
      "integrity": "sha512-CWbTpr5vcHw5bt9i4zSlPEVQdTVcML390TjeDG0cK59z1ylexpqC6M1PJFjV8jD7CF+ACBFsLIDs6DRMoLEofw==",
      "license": "Hippocratic-2.1",
      "dependencies": {
        "@react-leaflet/core": "^3.0.0"
      },
      "peerDependencies": {
        "leaflet": "^1.9.0",
        "react": "^19.0.0",
        "react-dom": "^19.0.0"
      }
    },
    "node_modules/scheduler": {
      "version": "0.27.0",
      "resolved": "https://registry.npmjs.org/scheduler/-/scheduler-0.27.0.tgz",
      "integrity": "sha512-eNv+WrVbKu1f3vbYJT/xtiF5syA5HPIMtf9IgY/nKg0sWqzAUEvqY/xm7OcZc/qafLx/iO9FgOmeSAp4v5ti/Q==",
      "license": "MIT"
    }
  }
}
